# THIS IS AN AUTOGENERATED FILE. DO NOT EDIT THIS FILE DIRECTLY.
# yarn lockfile v1


vue-confetti@^2.2.1:
  version "2.2.1"
  resolved "https://registry.yarnpkg.com/vue-confetti/-/vue-confetti-2.2.1.tgz#5cc5f96c43a7fe2b0a831bb2cf04473c1f65b017"
  integrity sha512-yWDb21phC9jQtdjBi9r40UCTnBG1IEu9VuZUaoTSlDao4RwRJEb+rCKa5qWUkzwGZViwJGguEWFWCw9I2V/bQw==
